{
  "requires": true,
  "lockfileVersion": 1,
  "dependencies": {
    "cra-template-zipstyles": {
      "version": "1.0.4",
      "resolved": "https://registry.npmjs.org/cra-template-zipstyles/-/cra-template-zipstyles-1.0.4.tgz",
      "integrity": "sha512-fvdh1dEaCiirr1P9H8cU55L9wOrzHUisuJgIxVesRDMlYgHuC27tszjY2QAMllseOuYtvHKfCjQBHmVr4XqptQ=="
    }
  }
}
